
Microsoft Visual Studio Solution File, Format Version 12.00
# Visual Studio Version 16
VisualStudioVersion = 16.0.29613.14
MinimumVisualStudioVersion = 10.0.40219.1
Project("{FAE04EC0-301F-11D3-BF4B-00C04F79EFBC}") = "UDP_TCP_S-R", "UDP_TCP_S-R.csproj", "{74C80CDE-4CB3-4694-882E-C99C98CA4B47}"
EndProject
Global
	GlobalSection(SolutionConfigurationPlatforms) = preSolution
		Debug|Any CPU = Debug|Any CPU
		Release|Any CPU = Release|Any CPU
	EndGlobalSection
	GlobalSection(ProjectConfigurationPlatforms) = postSolution
		{74C80CDE-4CB3-4694-882E-C99C98CA4B47}.Debug|Any CPU.ActiveCfg = Debug|Any CPU
		{74C80CDE-4CB3-4694-882E-C99C98CA4B47}.Debug|Any CPU.Build.0 = Debug|Any CPU
		{74C80CDE-4CB3-4694-882E-C99C98CA4B47}.Release|Any CPU.ActiveCfg = Release|Any CPU
		{74C80CDE-4CB3-4694-882E-C99C98CA4B47}.Release|Any CPU.Build.0 = Release|Any CPU
	EndGlobalSection
	GlobalSection(SolutionProperties) = preSolution
		HideSolutionNode = FALSE
	EndGlobalSection
	GlobalSection(ExtensibilityGlobals) = postSolution
		SolutionGuid = {E75707CE-3E00-4EA6-8CAB-EE626F044C66}
	EndGlobalSection
EndGlobal
